
Microsoft Visual Studio Solution File, Format Version 12.00
# Visual Studio Version 16
VisualStudioVersion = 16.0.31702.278
MinimumVisualStudioVersion = 10.0.40219.1
Project("{FAE04EC0-301F-11D3-BF4B-00C04F79EFBC}") = "Lesson6WebApp", "Lesson6WebApp\Lesson6WebApp.csproj", "{C4F85C0A-3295-4182-BD97-807568895580}"
EndProject
Global
	GlobalSection(SolutionConfigurationPlatforms) = preSolution
		Debug|Any CPU = Debug|Any CPU
		Release|Any CPU = Release|Any CPU
	EndGlobalSection
	GlobalSection(ProjectConfigurationPlatforms) = postSolution
		{C4F85C0A-3295-4182-BD97-807568895580}.Debug|Any CPU.ActiveCfg = Debug|Any CPU
		{C4F85C0A-3295-4182-BD97-807568895580}.Debug|Any CPU.Build.0 = Debug|Any CPU
		{C4F85C0A-3295-4182-BD97-807568895580}.Release|Any CPU.ActiveCfg = Release|Any CPU
		{C4F85C0A-3295-4182-BD97-807568895580}.Release|Any CPU.Build.0 = Release|Any CPU
	EndGlobalSection
	GlobalSection(SolutionProperties) = preSolution
		HideSolutionNode = FALSE
	EndGlobalSection
	GlobalSection(ExtensibilityGlobals) = postSolution
		SolutionGuid = {297A2045-BAFB-4609-8653-45E903D3B712}
	EndGlobalSection
EndGlobal
